{
  "name": "singleone-demo-data-generator",
  "version": "1.0.0",
  "lockfileVersion": 3,
  "requires": true,
  "packages": {
    "": {
      "name": "singleone-demo-data-generator",
      "version": "1.0.0",
      "devDependencies": {
        "write-excel-file": "^4.1.1"
      }
    },
    "node_modules/fflate": {
      "version": "0.8.3",
      "resolved": "https://registry.npmjs.org/fflate/-/fflate-0.8.3.tgz",
      "integrity": "sha512-tbZNuJrLwGUp3zshBtdy4W+ORxZuIh8a5ilyIEQDC5rY1f3U20JMry0Ll3WBzU58EZKsEuJFXhb5gwv8CsPvgA==",
      "dev": true,
      "license": "MIT"
    },
    "node_modules/write-excel-file": {
      "version": "4.1.1",
      "resolved": "https://registry.npmjs.org/write-excel-file/-/write-excel-file-4.1.1.tgz",
      "integrity": "sha512-MUnCnNtQrcZek832ZcU24uU0rSphFmKPD1DvIjXOlygVb93CV7Tme6H3jUTkxsMmjB2W7HIzERzjqTi5kui71A==",
      "dev": true,
      "license": "MIT",
      "dependencies": {
        "fflate": "^0.8.2"
      },
      "engines": {
        "node": ">=18"
      }
    }
  }
}
